{
  "name": "@i18nlite/testing",
  "version": "1.0.0",
  "lockfileVersion": 2,
  "requires": true,
  "packages": {
    "": {
      "name": "@i18nlite/testing",
      "version": "1.0.0",
      "hasInstallScript": true,
      "license": "MIT",
      "devDependencies": {
        "@i18nlite/core": "file:../../dist/core"
      },
      "peerDependencies": {
        "@i18nlite/core": "1.0.0"
      }
    },
    "../../dist/core": {
      "dev": true
    },
    "node_modules/@i18nlite/core": {
      "resolved": "../../dist/core",
      "link": true
    }
  },
  "dependencies": {
    "@i18nlite/core": {
      "version": "file:../../dist/core"
    }
  }
}
