{
  "name": "@i18nlite/example-svelte",
  "version": "0.0.0",
  "lockfileVersion": 2,
  "requires": true,
  "packages": {
    "": {
      "name": "@i18nlite/example-svelte",
      "version": "0.0.0",
      "dependencies": {
        "@i18nlite/core": "file:../../dist/core",
        "@i18nlite/svelte": "file:../../dist/svelte"
      },
      "devDependencies": {
        "@i18nlite/testing": "file:../../dist/testing"
      }
    },
    "../../dist/core": {},
    "../../dist/svelte": {},
    "../../dist/testing": {
      "dev": true
    },
    "node_modules/@i18nlite/core": {
      "resolved": "../../dist/core",
      "link": true
    },
    "node_modules/@i18nlite/svelte": {
      "resolved": "../../dist/svelte",
      "link": true
    },
    "node_modules/@i18nlite/testing": {
      "resolved": "../../dist/testing",
      "link": true
    }
  },
  "dependencies": {
    "@i18nlite/core": {
      "version": "file:../../dist/core"
    },
    "@i18nlite/svelte": {
      "version": "file:../../dist/svelte"
    },
    "@i18nlite/testing": {
      "version": "file:../../dist/testing"
    }
  }
}
