{
  "name": "@i18nlite/example-svelte",
  "version": "0.0.0",
  "lockfileVersion": 2,
  "requires": true,
  "packages": {
    "": {
      "name": "@i18nlite/example-svelte",
      "version": "0.0.0",
      "dependencies": {
        "@i18nlite/core": "file:../../modules/core/dist",
        "@i18nlite/svelte": "file:../../modules/svelte/dist"
      },
      "devDependencies": {
        "@i18nlite/testing": "file:../../modules/testing/dist"
      }
    },
    "../../dist/core": {
      "extraneous": true
    },
    "../../dist/svelte": {
      "extraneous": true
    },
    "../../dist/testing": {
      "extraneous": true
    },
    "../../modules/core/dist": {},
    "../../modules/svelte/dist": {},
    "../../modules/testing/dist": {
      "dev": true
    },
    "node_modules/@i18nlite/core": {
      "resolved": "../../modules/core/dist",
      "link": true
    },
    "node_modules/@i18nlite/svelte": {
      "resolved": "../../modules/svelte/dist",
      "link": true
    },
    "node_modules/@i18nlite/testing": {
      "resolved": "../../modules/testing/dist",
      "link": true
    }
  },
  "dependencies": {
    "@i18nlite/core": {
      "version": "file:../../modules/core/dist"
    },
    "@i18nlite/svelte": {
      "version": "file:../../modules/svelte/dist"
    },
    "@i18nlite/testing": {
      "version": "file:../../modules/testing/dist"
    }
  }
}
