{
  "name": "@i18nlite/svelte",
  "version": "1.0.0",
  "lockfileVersion": 2,
  "requires": true,
  "packages": {
    "": {
      "name": "@i18nlite/svelte",
      "version": "1.0.0",
      "hasInstallScript": true,
      "license": "MIT",
      "devDependencies": {
        "@i18nlite/core": "file:../../dist/core",
        "@i18nlite/testing": "file:../../dist/testing"
      },
      "peerDependencies": {
        "@i18nlite/core": "1.0.0",
        "svelte": "^3.46.4"
      }
    },
    "../../dist/core": {
      "dev": true
    },
    "../../dist/testing": {
      "dev": true
    },
    "node_modules/@i18nlite/core": {
      "resolved": "../../dist/core",
      "link": true
    },
    "node_modules/@i18nlite/testing": {
      "resolved": "../../dist/testing",
      "link": true
    },
    "node_modules/svelte": {
      "version": "3.46.4",
      "resolved": "https://registry.npmjs.org/svelte/-/svelte-3.46.4.tgz",
      "integrity": "sha512-qKJzw6DpA33CIa+C/rGp4AUdSfii0DOTCzj/2YpSKKayw5WGSS624Et9L1nU1k2OVRS9vaENQXp2CVZNU+xvIg==",
      "peer": true,
      "engines": {
        "node": ">= 8"
      }
    }
  },
  "dependencies": {
    "@i18nlite/core": {
      "version": "file:../../dist/core"
    },
    "@i18nlite/testing": {
      "version": "file:../../dist/testing"
    },
    "svelte": {
      "version": "3.46.4",
      "resolved": "https://registry.npmjs.org/svelte/-/svelte-3.46.4.tgz",
      "integrity": "sha512-qKJzw6DpA33CIa+C/rGp4AUdSfii0DOTCzj/2YpSKKayw5WGSS624Et9L1nU1k2OVRS9vaENQXp2CVZNU+xvIg==",
      "peer": true
    }
  }
}
