{
  "name": "@i18nlite/example-react",
  "version": "0.0.0",
  "lockfileVersion": 2,
  "requires": true,
  "packages": {
    "": {
      "name": "@i18nlite/example-react",
      "version": "0.0.0",
      "dependencies": {
        "@i18nlite/core": "file:../../modules/core/dist",
        "@i18nlite/react": "file:../../modules/react/dist"
      },
      "devDependencies": {
        "@i18nlite/testing": "file:../../modules/testing/dist"
      }
    },
    "..": {
      "version": "1.0.0",
      "extraneous": true,
      "license": "MIT",
      "devDependencies": {
        "@babel/preset-react": "^7.16.7",
        "@testing-library/jest-dom": "^5.16.2",
        "@testing-library/react": "^12.1.2",
        "@testing-library/user-event": "^13.5.0",
        "@types/jest": "^27.4.0",
        "@types/node": "^16.11.20",
        "@types/react": "^17.0.39",
        "@types/react-dom": "^17.0.11",
        "@typescript-eslint/eslint-plugin": "^5.10.2",
        "@typescript-eslint/parser": "^5.10.2",
        "babel-eslint": "^10.1.0",
        "cross-env": "^7.0.3",
        "eslint": "^8.8.0",
        "eslint-config-prettier": "^8.3.0",
        "eslint-config-standard": "^16.0.3",
        "eslint-config-standard-react": "^11.0.1",
        "eslint-plugin-import": "^2.25.4",
        "eslint-plugin-node": "^11.1.0",
        "eslint-plugin-prettier": "^4.0.0",
        "eslint-plugin-promise": "^6.0.0",
        "eslint-plugin-react": "^7.28.0",
        "eslint-plugin-standard": "^5.0.0",
        "gh-pages": "^3.2.3",
        "jest": "^27.5.0",
        "microbundle-crl": "^0.13.11",
        "npm-run-all": "^4.1.5",
        "prettier": "^2.5.1",
        "react": "^17.0.2",
        "react-dom": "^17.0.2",
        "react-scripts": "^5.0.0",
        "ts-jest": "^27.1.3",
        "ts-node": "^10.4.0",
        "typescript": "^4.5.5"
      },
      "engines": {
        "node": ">=10"
      },
      "peerDependencies": {
        "react": "^16.0.0"
      }
    },
    "../../dist/core": {
      "extraneous": true
    },
    "../../dist/react": {
      "extraneous": true
    },
    "../../dist/testing": {
      "extraneous": true
    },
    "../../modules/core/dist": {},
    "../../modules/react/dist": {},
    "../../modules/testing/dist": {
      "dev": true
    },
    "../dist": {
      "extraneous": true
    },
    "node_modules/@i18nlite/core": {
      "resolved": "../../modules/core/dist",
      "link": true
    },
    "node_modules/@i18nlite/react": {
      "resolved": "../../modules/react/dist",
      "link": true
    },
    "node_modules/@i18nlite/testing": {
      "resolved": "../../modules/testing/dist",
      "link": true
    }
  },
  "dependencies": {
    "@i18nlite/core": {
      "version": "file:../../modules/core/dist"
    },
    "@i18nlite/react": {
      "version": "file:../../modules/react/dist"
    },
    "@i18nlite/testing": {
      "version": "file:../../modules/testing/dist"
    }
  }
}
