{
  "name": "@i18nlite/react",
  "version": "1.0.0",
  "lockfileVersion": 2,
  "requires": true,
  "packages": {
    "": {
      "name": "@i18nlite/react",
      "version": "1.0.0",
      "license": "MIT",
      "devDependencies": {
        "@i18nlite/core": "file:../core/dist",
        "@i18nlite/testing": "file:../testing/dist"
      },
      "engines": {
        "node": ">=10"
      },
      "peerDependencies": {
        "@i18nlite/core": "1.0.0"
      }
    },
    "../../dist/core": {
      "extraneous": true
    },
    "../../dist/testing": {
      "extraneous": true
    },
    "../core/dist": {
      "dev": true
    },
    "../testing/dist": {
      "dev": true
    },
    "node_modules/@i18nlite/core": {
      "resolved": "../core/dist",
      "link": true
    },
    "node_modules/@i18nlite/testing": {
      "resolved": "../testing/dist",
      "link": true
    }
  },
  "dependencies": {
    "@i18nlite/core": {
      "version": "file:../core/dist"
    },
    "@i18nlite/testing": {
      "version": "file:../testing/dist"
    }
  }
}
